
Microsoft Visual Studio Solution File, Format Version 12.00
# Visual Studio Version 17
VisualStudioVersion = 17.9.34616.47
MinimumVisualStudioVersion = 10.0.40219.1
Project("{8BC9CEB8-8B4A-11D0-8D11-00A0C91BC942}") = "Activity 5 (Algoritma)", "Activity 5 (Algoritma)\Activity 5 (Algoritma).vcxproj", "{1FB1F786-7C50-4964-9DB6-541212117693}"
EndProject
Global
	GlobalSection(SolutionConfigurationPlatforms) = preSolution
		Debug|x64 = Debug|x64
		Debug|x86 = Debug|x86
		Release|x64 = Release|x64
		Release|x86 = Release|x86
	EndGlobalSection
	GlobalSection(ProjectConfigurationPlatforms) = postSolution
		{1FB1F786-7C50-4964-9DB6-541212117693}.Debug|x64.ActiveCfg = Debug|x64
		{1FB1F786-7C50-4964-9DB6-541212117693}.Debug|x64.Build.0 = Debug|x64
		{1FB1F786-7C50-4964-9DB6-541212117693}.Debug|x86.ActiveCfg = Debug|Win32
		{1FB1F786-7C50-4964-9DB6-541212117693}.Debug|x86.Build.0 = Debug|Win32
		{1FB1F786-7C50-4964-9DB6-541212117693}.Release|x64.ActiveCfg = Release|x64
		{1FB1F786-7C50-4964-9DB6-541212117693}.Release|x64.Build.0 = Release|x64
		{1FB1F786-7C50-4964-9DB6-541212117693}.Release|x86.ActiveCfg = Release|Win32
		{1FB1F786-7C50-4964-9DB6-541212117693}.Release|x86.Build.0 = Release|Win32
	EndGlobalSection
	GlobalSection(SolutionProperties) = preSolution
		HideSolutionNode = FALSE
	EndGlobalSection
	GlobalSection(ExtensibilityGlobals) = postSolution
		SolutionGuid = {04BE0325-C8F1-4C8C-814B-7522535C8E96}
	EndGlobalSection
EndGlobal
